<?xml version="1.0" encoding="utf-8"?>
<Project ToolsVersion="4.0" xmlns="http://schemas.microsoft.com/developer/msbuild/2003">
  <ItemGroup>
    <ClCompile Include="main.cpp" />
    <ClCompile Include="typeinfo.cpp" />
    <ClCompile Include="miniz.c" />
    <ClCompile Include="tes.cpp" />
    <ClCompile Include="esp_to_text.cpp" />
    <ClCompile Include="os.cpp" />
  </ItemGroup>
  <ItemGroup>
    <ClInclude Include="typeinfo.hpp" />
    <ClInclude Include="common.hpp" />
    <ClInclude Include="miniz.h" />
    <ClInclude Include="tes.hpp" />
    <ClInclude Include="text_to_esp.hpp" />
    <ClInclude Include="esp_to_text.hpp" />
    <ClInclude Include="os.hpp" />
  </ItemGroup>
  <ItemGroup>
    <Natvis Include="Plugin2Text.natvis" />
  </ItemGroup>
</Project>